# THIS IS AN AUTOGENERATED FILE. DO NOT EDIT THIS FILE DIRECTLY.
# yarn lockfile v1


"@rocketseat/unform@^1.6.1":
  version "1.6.1"
  resolved "https://registry.yarnpkg.com/@rocketseat/unform/-/unform-1.6.1.tgz#656dbe438b08ec7eed3190be5918516090f1f9b0"
  integrity sha512-KStvWyRwjgvXF+gOL8is6AwuGMHwVALRO0IZMPAD0NzYlt41gDstaxRvstzvD+wzvRa8Yhu6ldmWl7ET2sLNCw==
